PODS:
  - Flutter (1.0.0)
  - flutter_secure_storage (6.0.0):
    - Flutter
  - HydraAsync (2.0.6)
  - PostHog (3.62.0)
  - posthog_flutter (0.0.1):
    - Flutter
    - FlutterMacOS
    - PostHog (~> 3.22)
  - tencent_cloud_chat_sdk (8.0.0):
    - Flutter
    - HydraAsync
    - TXIMSDK_Plus_iOS_XCFramework (~> 9.0.7652)
  - TXIMSDK_Plus_iOS_XCFramework (9.0.7659)

DEPENDENCIES:
  - Flutter (from `Flutter`)
  - flutter_secure_storage (from `.symlinks/plugins/flutter_secure_storage/ios`)
  - posthog_flutter (from `.symlinks/plugins/posthog_flutter/ios`)
  - tencent_cloud_chat_sdk (from `.symlinks/plugins/tencent_cloud_chat_sdk/ios`)

SPEC REPOS:
  trunk:
    - HydraAsync
    - PostHog
    - TXIMSDK_Plus_iOS_XCFramework

EXTERNAL SOURCES:
  Flutter:
    :path: Flutter
  flutter_secure_storage:
    :path: ".symlinks/plugins/flutter_secure_storage/ios"
  posthog_flutter:
    :path: ".symlinks/plugins/posthog_flutter/ios"
  tencent_cloud_chat_sdk:
    :path: ".symlinks/plugins/tencent_cloud_chat_sdk/ios"

SPEC CHECKSUMS:
  Flutter: cabc95a1d2626b1b06e7179b784ebcf0c0cde467
  flutter_secure_storage: 1ed9476fba7e7a782b22888f956cce43e2c62f13
  HydraAsync: 8d589bd725b0224f899afafc9a396327405f8063
  PostHog: 25761c8bb9adebb5ab0cf26dbb72f9a6dc8d77c6
  posthog_flutter: 631ab870f7daf1ed190deeb2414eb3e347445f37
  tencent_cloud_chat_sdk: f03289e1fab169c20aaf7ed513942e197fb23f91
  TXIMSDK_Plus_iOS_XCFramework: 650f87c12836d2e29f42faca4a665e92047bdaca

PODFILE CHECKSUM: 3c63482e143d1b91d2d2560aee9fb04ecc74ac7e

COCOAPODS: 1.16.2
